
Microsoft Visual Studio Solution File, Format Version 12.00
Project("{FAE04EC0-301F-11D3-BF4B-00C04F79EFBC}") = "CommentApp.Api", "CommentApp.Api\CommentApp.Api.csproj", "{302281B7-BF01-495A-A44F-CFC1755AE490}"
EndProject
Project("{FAE04EC0-301F-11D3-BF4B-00C04F79EFBC}") = "CommentApp.Domain", "CommentApp.Domain\CommentApp.Domain.csproj", "{4E28AB72-DFC7-422B-9E4B-5A8AE269777C}"
EndProject
Global
	GlobalSection(SolutionConfigurationPlatforms) = preSolution
		Debug|Any CPU = Debug|Any CPU
		Release|Any CPU = Release|Any CPU
	EndGlobalSection
	GlobalSection(ProjectConfigurationPlatforms) = postSolution
		{302281B7-BF01-495A-A44F-CFC1755AE490}.Debug|Any CPU.ActiveCfg = Debug|Any CPU
		{302281B7-BF01-495A-A44F-CFC1755AE490}.Debug|Any CPU.Build.0 = Debug|Any CPU
		{302281B7-BF01-495A-A44F-CFC1755AE490}.Release|Any CPU.ActiveCfg = Release|Any CPU
		{302281B7-BF01-495A-A44F-CFC1755AE490}.Release|Any CPU.Build.0 = Release|Any CPU
		{4E28AB72-DFC7-422B-9E4B-5A8AE269777C}.Debug|Any CPU.ActiveCfg = Debug|Any CPU
		{4E28AB72-DFC7-422B-9E4B-5A8AE269777C}.Debug|Any CPU.Build.0 = Debug|Any CPU
		{4E28AB72-DFC7-422B-9E4B-5A8AE269777C}.Release|Any CPU.ActiveCfg = Release|Any CPU
		{4E28AB72-DFC7-422B-9E4B-5A8AE269777C}.Release|Any CPU.Build.0 = Release|Any CPU
	EndGlobalSection
EndGlobal
